# THIS IS AN AUTOGENERATED FILE. DO NOT EDIT THIS FILE DIRECTLY.
# yarn lockfile v1


"@babel/helper-validator-identifier@^7.10.4":
  version "7.10.4"
  resolved "https://npm.finntech.no/@babel/helper-validator-identifier/-/helper-validator-identifier-7.10.4.tgz#a78c7a7251e01f616512d31b10adcf52ada5e0d2"
  integrity sha1-p4x6clHgH2FlEtMbEK3PUq2l4NI=

"@babel/parser@^7.10.4":
  version "7.11.0"
  resolved "https://npm.finntech.no/@babel/parser/-/parser-7.11.0.tgz#a9d7e11aead25d3b422d17b2c6502c8dddef6a5d"
  integrity sha1-qdfhGurSXTtCLReyxlAsjd3val0=

"@babel/types@^7.10.4":
  version "7.11.0"
  resolved "https://npm.finntech.no/@babel/types/-/types-7.11.0.tgz#2ae6bf1ba9ae8c3c43824e5861269871b206e90d"
  integrity sha1-Kua/G6mujDxDgk5YYSaYcbIG6Q0=
  dependencies:
    "@babel/helper-validator-identifier" "^7.10.4"
    lodash "^4.17.19"
    to-fast-properties "^2.0.0"

"@vue/compiler-core@3.0.0-rc.5":
  version "3.0.0-rc.5"
  resolved "https://npm.finntech.no/@vue/compiler-core/-/compiler-core-3.0.0-rc.5.tgz#dd4f1816fcae34a81bc60e584f97993cad284d54"
  integrity sha1-3U8YFvyuNKgbxg5YT5eZPK0oTVQ=
  dependencies:
    "@babel/parser" "^7.10.4"
    "@babel/types" "^7.10.4"
    "@vue/shared" "3.0.0-rc.5"
    estree-walker "^2.0.1"
    source-map "^0.6.1"

"@vue/compiler-dom@3.0.0-rc.5":
  version "3.0.0-rc.5"
  resolved "https://npm.finntech.no/@vue/compiler-dom/-/compiler-dom-3.0.0-rc.5.tgz#83905e8601123a3654b90fbd80708a16530ce21a"
  integrity sha1-g5BehgESOjZUuQ+9gHCKFlMM4ho=
  dependencies:
    "@vue/compiler-core" "3.0.0-rc.5"
    "@vue/shared" "3.0.0-rc.5"

"@vue/compiler-sfc@^3.0.0-rc.5":
  version "3.0.0-rc.5"
  resolved "https://npm.finntech.no/@vue/compiler-sfc/-/compiler-sfc-3.0.0-rc.5.tgz#374e52a6fbf8fb9aee1213026050a0f1c496fecf"
  integrity sha1-N05Spvv4+5ruEhMCYFCg8cSW/s8=
  dependencies:
    "@babel/parser" "^7.10.4"
    "@babel/types" "^7.10.4"
    "@vue/compiler-core" "3.0.0-rc.5"
    "@vue/compiler-dom" "3.0.0-rc.5"
    "@vue/compiler-ssr" "3.0.0-rc.5"
    "@vue/shared" "3.0.0-rc.5"
    consolidate "^0.15.1"
    estree-walker "^2.0.1"
    hash-sum "^2.0.0"
    lru-cache "^5.1.1"
    magic-string "^0.25.7"
    merge-source-map "^1.1.0"
    postcss "^7.0.27"
    postcss-modules "^3.1.0"
    postcss-selector-parser "^6.0.2"
    source-map "^0.6.1"

"@vue/compiler-ssr@3.0.0-rc.5":
  version "3.0.0-rc.5"
  resolved "https://npm.finntech.no/@vue/compiler-ssr/-/compiler-ssr-3.0.0-rc.5.tgz#878406c59daff362ecdcb199fb9467a769ca8de5"
  integrity sha1-h4QGxZ2v82Ls3LGZ+5Rnp2nKjeU=
  dependencies:
    "@vue/compiler-dom" "3.0.0-rc.5"
    "@vue/shared" "3.0.0-rc.5"

"@vue/reactivity@3.0.0-rc.5":
  version "3.0.0-rc.5"
  resolved "https://npm.finntech.no/@vue/reactivity/-/reactivity-3.0.0-rc.5.tgz#45cff8d839d7ad130b1e499239090050fdecff13"
  integrity sha1-Rc/42DnXrRMLHkmSOQkAUP3s/xM=
  dependencies:
    "@vue/shared" "3.0.0-rc.5"

"@vue/runtime-core@3.0.0-rc.5":
  version "3.0.0-rc.5"
  resolved "https://npm.finntech.no/@vue/runtime-core/-/runtime-core-3.0.0-rc.5.tgz#dd59af3a5fc089d1cdc05a657320c0dc17e5c362"
  integrity sha1-3VmvOl/AidHNwFplcyDA3Bflw2I=
  dependencies:
    "@vue/reactivity" "3.0.0-rc.5"
    "@vue/shared" "3.0.0-rc.5"

"@vue/runtime-dom@3.0.0-rc.5":
  version "3.0.0-rc.5"
  resolved "https://npm.finntech.no/@vue/runtime-dom/-/runtime-dom-3.0.0-rc.5.tgz#2fd75a1f29b23abf0ffe5ccdedabda11721c5b5b"
  integrity sha1-L9daHymyOr8P/lzN7avaEXIcW1s=
  dependencies:
    "@vue/runtime-core" "3.0.0-rc.5"
    "@vue/shared" "3.0.0-rc.5"
    csstype "^2.6.8"

"@vue/server-renderer@^3.0.0-rc.5":
  version "3.0.0-rc.5"
  resolved "https://npm.finntech.no/@vue/server-renderer/-/server-renderer-3.0.0-rc.5.tgz#524d3827c1352f7b6dbe178bd36902a26a0316cb"
  integrity sha1-Uk04J8E1L3ttvheL02kComoDFss=
  dependencies:
    "@vue/compiler-ssr" "3.0.0-rc.5"
    "@vue/shared" "3.0.0-rc.5"

"@vue/shared@3.0.0-rc.5":
  version "3.0.0-rc.5"
  resolved "https://npm.finntech.no/@vue/shared/-/shared-3.0.0-rc.5.tgz#cea2378e3e37363ddc1f5dd158edc9c9b5b3fff0"
  integrity sha1-zqI3jj43Nj3cH13RWO3JybWz//A=

ansi-styles@^3.2.1:
  version "3.2.1"
  resolved "https://npm.finntech.no/ansi-styles/-/ansi-styles-3.2.1.tgz#41fbb20243e50b12be0f04b8dedbf07520ce841d"
  integrity sha1-QfuyAkPlCxK+DwS43tvwdSDOhB0=
  dependencies:
    color-convert "^1.9.0"

big.js@^5.2.2:
  version "5.2.2"
  resolved "https://npm.finntech.no/big.js/-/big.js-5.2.2.tgz#65f0af382f578bcdc742bd9c281e9cb2d7768328"
  integrity sha1-ZfCvOC9Xi83HQr2cKB6cstd2gyg=

bluebird@^3.1.1:
  version "3.7.2"
  resolved "https://npm.finntech.no/bluebird/-/bluebird-3.7.2.tgz#9f229c15be272454ffa973ace0dbee79a1b0c36f"
  integrity sha1-nyKcFb4nJFT/qXOs4NvueaGww28=

chalk@^2.4.2:
  version "2.4.2"
  resolved "https://npm.finntech.no/chalk/-/chalk-2.4.2.tgz#cd42541677a54333cf541a49108c1432b44c9424"
  integrity sha1-zUJUFnelQzPPVBpJEIwUMrRMlCQ=
  dependencies:
    ansi-styles "^3.2.1"
    escape-string-regexp "^1.0.5"
    supports-color "^5.3.0"

color-convert@^1.9.0:
  version "1.9.3"
  resolved "https://npm.finntech.no/color-convert/-/color-convert-1.9.3.tgz#bb71850690e1f136567de629d2d5471deda4c1e8"
  integrity sha1-u3GFBpDh8TZWfeYp0tVHHe2kweg=
  dependencies:
    color-name "1.1.3"

color-name@1.1.3:
  version "1.1.3"
  resolved "https://npm.finntech.no/color-name/-/color-name-1.1.3.tgz#a7d0558bd89c42f795dd42328f740831ca53bc25"
  integrity sha1-p9BVi9icQveV3UIyj3QIMcpTvCU=

consolidate@^0.15.1:
  version "0.15.1"
  resolved "https://npm.finntech.no/consolidate/-/consolidate-0.15.1.tgz#21ab043235c71a07d45d9aad98593b0dba56bab7"
  integrity sha1-IasEMjXHGgfUXZqtmFk7DbpWurc=
  dependencies:
    bluebird "^3.1.1"

cssesc@^3.0.0:
  version "3.0.0"
  resolved "https://npm.finntech.no/cssesc/-/cssesc-3.0.0.tgz#37741919903b868565e1c09ea747445cd18983ee"
  integrity sha1-N3QZGZA7hoVl4cCep0dEXNGJg+4=

csstype@^2.6.8:
  version "2.6.10"
  resolved "https://npm.finntech.no/csstype/-/csstype-2.6.10.tgz#e63af50e66d7c266edb6b32909cfd0aabe03928b"
  integrity sha1-5jr1DmbXwmbttrMpCc/Qqr4Dkos=

emojis-list@^3.0.0:
  version "3.0.0"
  resolved "https://npm.finntech.no/emojis-list/-/emojis-list-3.0.0.tgz#5570662046ad29e2e916e71aae260abdff4f6a78"
  integrity sha1-VXBmIEatKeLpFucariYKvf9Pang=

escape-string-regexp@^1.0.5:
  version "1.0.5"
  resolved "https://npm.finntech.no/escape-string-regexp/-/escape-string-regexp-1.0.5.tgz#1b61c0562190a8dff6ae3bb2cf0200ca130b86d4"
  integrity sha1-G2HAViGQqN/2rjuyzwIAyhMLhtQ=

estree-walker@^2.0.1:
  version "2.0.1"
  resolved "https://npm.finntech.no/estree-walker/-/estree-walker-2.0.1.tgz#f8e030fb21cefa183b44b7ad516b747434e7a3e0"
  integrity sha1-+OAw+yHO+hg7RLetUWt0dDTno+A=

generic-names@^2.0.1:
  version "2.0.1"
  resolved "https://npm.finntech.no/generic-names/-/generic-names-2.0.1.tgz#f8a378ead2ccaa7a34f0317b05554832ae41b872"
  integrity sha1-+KN46tLMqno08DF7BVVIMq5BuHI=
  dependencies:
    loader-utils "^1.1.0"

has-flag@^3.0.0:
  version "3.0.0"
  resolved "https://npm.finntech.no/has-flag/-/has-flag-3.0.0.tgz#b5d454dc2199ae225699f3467e5a07f3b955bafd"
  integrity sha1-tdRU3CGZriJWmfNGfloH87lVuv0=

hash-sum@^2.0.0:
  version "2.0.0"
  resolved "https://npm.finntech.no/hash-sum/-/hash-sum-2.0.0.tgz#81d01bb5de8ea4a214ad5d6ead1b523460b0b45a"
  integrity sha1-gdAbtd6OpKIUrV1urRtSNGCwtFo=

icss-replace-symbols@^1.1.0:
  version "1.1.0"
  resolved "https://npm.finntech.no/icss-replace-symbols/-/icss-replace-symbols-1.1.0.tgz#06ea6f83679a7749e386cfe1fe812ae5db223ded"
  integrity sha1-Bupvg2ead0njhs/h/oEq5dsiPe0=

icss-utils@^4.0.0, icss-utils@^4.1.1:
  version "4.1.1"
  resolved "https://npm.finntech.no/icss-utils/-/icss-utils-4.1.1.tgz#21170b53789ee27447c2f47dd683081403f9a467"
  integrity sha1-IRcLU3ie4nRHwvR91oMIFAP5pGc=
  dependencies:
    postcss "^7.0.14"

indexes-of@^1.0.1:
  version "1.0.1"
  resolved "https://npm.finntech.no/indexes-of/-/indexes-of-1.0.1.tgz#f30f716c8e2bd346c7b67d3df3915566a7c05607"
  integrity sha1-8w9xbI4r00bHtn0985FVZqfAVgc=

json5@^1.0.1:
  version "1.0.1"
  resolved "https://npm.finntech.no/json5/-/json5-1.0.1.tgz#779fb0018604fa854eacbf6252180d83543e3dbe"
  integrity sha1-d5+wAYYE+oVOrL9iUhgNg1Q+Pb4=
  dependencies:
    minimist "^1.2.0"

loader-utils@^1.1.0:
  version "1.4.0"
  resolved "https://npm.finntech.no/loader-utils/-/loader-utils-1.4.0.tgz#c579b5e34cb34b1a74edc6c1fb36bfa371d5a613"
  integrity sha1-xXm140yzSxp07cbB+za/o3HVphM=
  dependencies:
    big.js "^5.2.2"
    emojis-list "^3.0.0"
    json5 "^1.0.1"

lodash.camelcase@^4.3.0:
  version "4.3.0"
  resolved "https://npm.finntech.no/lodash.camelcase/-/lodash.camelcase-4.3.0.tgz#b28aa6288a2b9fc651035c7711f65ab6190331a6"
  integrity sha1-soqmKIorn8ZRA1x3EfZathkDMaY=

lodash@^4.17.19:
  version "4.17.19"
  resolved "https://npm.finntech.no/lodash/-/lodash-4.17.19.tgz#e48ddedbe30b3321783c5b4301fbd353bc1e4a4b"
  integrity sha1-5I3e2+MLMyF4PFtDAfvTU7weSks=

lru-cache@^5.1.1:
  version "5.1.1"
  resolved "https://npm.finntech.no/lru-cache/-/lru-cache-5.1.1.tgz#1da27e6710271947695daf6848e847f01d84b920"
  integrity sha1-HaJ+ZxAnGUdpXa9oSOhH8B2EuSA=
  dependencies:
    yallist "^3.0.2"

magic-string@^0.25.7:
  version "0.25.7"
  resolved "https://npm.finntech.no/magic-string/-/magic-string-0.25.7.tgz#3f497d6fd34c669c6798dcb821f2ef31f5445051"
  integrity sha1-P0l9b9NMZpxnmNy4IfLvMfVEUFE=
  dependencies:
    sourcemap-codec "^1.4.4"

merge-source-map@^1.1.0:
  version "1.1.0"
  resolved "https://npm.finntech.no/merge-source-map/-/merge-source-map-1.1.0.tgz#2fdde7e6020939f70906a68f2d7ae685e4c8c646"
  integrity sha1-L93n5gIJOfcJBqaPLXrmheTIxkY=
  dependencies:
    source-map "^0.6.1"

minimist@^1.2.0:
  version "1.2.5"
  resolved "https://npm.finntech.no/minimist/-/minimist-1.2.5.tgz#67d66014b66a6a8aaa0c083c5fd58df4e4e97602"
  integrity sha1-Z9ZgFLZqaoqqDAg8X9WN9OTpdgI=

postcss-modules-extract-imports@^2.0.0:
  version "2.0.0"
  resolved "https://npm.finntech.no/postcss-modules-extract-imports/-/postcss-modules-extract-imports-2.0.0.tgz#818719a1ae1da325f9832446b01136eeb493cd7e"
  integrity sha1-gYcZoa4doyX5gyRGsBE27rSTzX4=
  dependencies:
    postcss "^7.0.5"

postcss-modules-local-by-default@^3.0.2:
  version "3.0.3"
  resolved "https://npm.finntech.no/postcss-modules-local-by-default/-/postcss-modules-local-by-default-3.0.3.tgz#bb14e0cc78279d504dbdcbfd7e0ca28993ffbbb0"
  integrity sha1-uxTgzHgnnVBNvcv9fgyiiZP/u7A=
  dependencies:
    icss-utils "^4.1.1"
    postcss "^7.0.32"
    postcss-selector-parser "^6.0.2"
    postcss-value-parser "^4.1.0"

postcss-modules-scope@^2.2.0:
  version "2.2.0"
  resolved "https://npm.finntech.no/postcss-modules-scope/-/postcss-modules-scope-2.2.0.tgz#385cae013cc7743f5a7d7602d1073a89eaae62ee"
  integrity sha1-OFyuATzHdD9afXYC0Qc6iequYu4=
  dependencies:
    postcss "^7.0.6"
    postcss-selector-parser "^6.0.0"

postcss-modules-values@^3.0.0:
  version "3.0.0"
  resolved "https://npm.finntech.no/postcss-modules-values/-/postcss-modules-values-3.0.0.tgz#5b5000d6ebae29b4255301b4a3a54574423e7f10"
  integrity sha1-W1AA1uuuKbQlUwG0o6VFdEI+fxA=
  dependencies:
    icss-utils "^4.0.0"
    postcss "^7.0.6"

postcss-modules@^3.1.0:
  version "3.2.0"
  resolved "https://npm.finntech.no/postcss-modules/-/postcss-modules-3.2.0.tgz#1ca870d197cd09a7964253e12de2aac906c94256"
  integrity sha1-HKhw0ZfNCaeWQlPhLeKqyQbJQlY=
  dependencies:
    generic-names "^2.0.1"
    icss-replace-symbols "^1.1.0"
    lodash.camelcase "^4.3.0"
    postcss "^7.0.32"
    postcss-modules-extract-imports "^2.0.0"
    postcss-modules-local-by-default "^3.0.2"
    postcss-modules-scope "^2.2.0"
    postcss-modules-values "^3.0.0"
    string-hash "^1.1.1"

postcss-selector-parser@^6.0.0, postcss-selector-parser@^6.0.2:
  version "6.0.2"
  resolved "https://npm.finntech.no/postcss-selector-parser/-/postcss-selector-parser-6.0.2.tgz#934cf799d016c83411859e09dcecade01286ec5c"
  integrity sha1-k0z3mdAWyDQRhZ4J3Oyt4BKG7Fw=
  dependencies:
    cssesc "^3.0.0"
    indexes-of "^1.0.1"
    uniq "^1.0.1"

postcss-value-parser@^4.1.0:
  version "4.1.0"
  resolved "https://npm.finntech.no/postcss-value-parser/-/postcss-value-parser-4.1.0.tgz#443f6a20ced6481a2bda4fa8532a6e55d789a2cb"
  integrity sha1-RD9qIM7WSBor2k+oUypuVdeJoss=

postcss@^7.0.14, postcss@^7.0.32, postcss@^7.0.5, postcss@^7.0.6:
  version "7.0.32"
  resolved "https://npm.finntech.no/postcss/-/postcss-7.0.32.tgz#4310d6ee347053da3433db2be492883d62cec59d"
  integrity sha1-QxDW7jRwU9o0M9sr5JKIPWLOxZ0=
  dependencies:
    chalk "^2.4.2"
    source-map "^0.6.1"
    supports-color "^6.1.0"

postcss@^7.0.27:
  version "7.0.30"
  resolved "https://npm.finntech.no/postcss/-/postcss-7.0.30.tgz#cc9378beffe46a02cbc4506a0477d05fcea9a8e2"
  integrity sha1-zJN4vv/kagLLxFBqBHfQX86pqOI=
  dependencies:
    chalk "^2.4.2"
    source-map "^0.6.1"
    supports-color "^6.1.0"

source-map@^0.6.1:
  version "0.6.1"
  resolved "https://npm.finntech.no/source-map/-/source-map-0.6.1.tgz#74722af32e9614e9c287a8d0bbde48b5e2f1a263"
  integrity sha1-dHIq8y6WFOnCh6jQu95IteLxomM=

sourcemap-codec@^1.4.4:
  version "1.4.8"
  resolved "https://npm.finntech.no/sourcemap-codec/-/sourcemap-codec-1.4.8.tgz#ea804bd94857402e6992d05a38ef1ae35a9ab4c4"
  integrity sha1-6oBL2UhXQC5pktBaOO8a41qatMQ=

string-hash@^1.1.1:
  version "1.1.3"
  resolved "https://npm.finntech.no/string-hash/-/string-hash-1.1.3.tgz#e8aafc0ac1855b4666929ed7dd1275df5d6c811b"
  integrity sha1-6Kr8CsGFW0Zmkp7X3RJ1311sgRs=

supports-color@^5.3.0:
  version "5.5.0"
  resolved "https://npm.finntech.no/supports-color/-/supports-color-5.5.0.tgz#e2e69a44ac8772f78a1ec0b35b689df6530efc8f"
  integrity sha1-4uaaRKyHcveKHsCzW2id9lMO/I8=
  dependencies:
    has-flag "^3.0.0"

supports-color@^6.1.0:
  version "6.1.0"
  resolved "https://npm.finntech.no/supports-color/-/supports-color-6.1.0.tgz#0764abc69c63d5ac842dd4867e8d025e880df8f3"
  integrity sha1-B2Srxpxj1ayELdSGfo0CXogN+PM=
  dependencies:
    has-flag "^3.0.0"

to-fast-properties@^2.0.0:
  version "2.0.0"
  resolved "https://npm.finntech.no/to-fast-properties/-/to-fast-properties-2.0.0.tgz#dc5e698cbd079265bc73e0377681a4e4e83f616e"
  integrity sha1-3F5pjL0HkmW8c+A3doGk5Og/YW4=

uniq@^1.0.1:
  version "1.0.1"
  resolved "https://npm.finntech.no/uniq/-/uniq-1.0.1.tgz#b31c5ae8254844a3a8281541ce2b04b865a734ff"
  integrity sha1-sxxa6CVIRKOoKBVBzisEuGWnNP8=

vue@^3.0.0-rc.5:
  version "3.0.0-rc.5"
  resolved "https://npm.finntech.no/vue/-/vue-3.0.0-rc.5.tgz#973175d45a892b3bd23ef5de7faa4add9c66275f"
  integrity sha1-lzF11FqJKzvSPvXef6pK3ZxmJ18=
  dependencies:
    "@vue/compiler-dom" "3.0.0-rc.5"
    "@vue/runtime-dom" "3.0.0-rc.5"
    "@vue/shared" "3.0.0-rc.5"

yallist@^3.0.2:
  version "3.1.1"
  resolved "https://npm.finntech.no/yallist/-/yallist-3.1.1.tgz#dbb7daf9bfd8bac9ab45ebf602b8cbad0d5d08fd"
  integrity sha1-27fa+b/YusmrRev2ArjLrQ1dCP0=
